
Microsoft Visual Studio Solution File, Format Version 12.00
# Visual Studio 15
VisualStudioVersion = 15.0.27703.2042
MinimumVisualStudioVersion = 10.0.40219.1
Project("{FAE04EC0-301F-11D3-BF4B-00C04F79EFBC}") = "Taller1Publicaciones", "Taller1Publicaciones\Taller1Publicaciones.csproj", "{D3C7CDB7-F8F0-413F-912D-0DFE255D2AAD}"
EndProject
Global
	GlobalSection(SolutionConfigurationPlatforms) = preSolution
		Debug|Any CPU = Debug|Any CPU
		Release|Any CPU = Release|Any CPU
	EndGlobalSection
	GlobalSection(ProjectConfigurationPlatforms) = postSolution
		{D3C7CDB7-F8F0-413F-912D-0DFE255D2AAD}.Debug|Any CPU.ActiveCfg = Debug|Any CPU
		{D3C7CDB7-F8F0-413F-912D-0DFE255D2AAD}.Debug|Any CPU.Build.0 = Debug|Any CPU
		{D3C7CDB7-F8F0-413F-912D-0DFE255D2AAD}.Release|Any CPU.ActiveCfg = Release|Any CPU
		{D3C7CDB7-F8F0-413F-912D-0DFE255D2AAD}.Release|Any CPU.Build.0 = Release|Any CPU
	EndGlobalSection
	GlobalSection(SolutionProperties) = preSolution
		HideSolutionNode = FALSE
	EndGlobalSection
	GlobalSection(ExtensibilityGlobals) = postSolution
		SolutionGuid = {EC175FB5-C4A3-4585-8950-2834A9574291}
	EndGlobalSection
EndGlobal
